{
  "version": 4,
  "terraform_version": "1.12.2",
  "serial": 23,
  "lineage": "02da1b2c-491a-d8bf-a56f-7dafe9943628",
  "outputs": {
    "aws_account_id": {
      "value": "858259715129",
      "type": "string"
    },
    "aws_region": {
      "value": "eu-central-1",
      "type": "string"
    },
    "aws_user_role_arn": {
      "value": "arn:aws:iam::858259715129:role/AzureAD-AWSUser",
      "type": "string"
    },
    "aws_user_role_name": {
      "value": "AzureAD-AWSUser",
      "type": "string"
    },
    "cloudtrail_arn": {
      "value": "arn:aws:cloudtrail:eu-central-1:858259715129:trail/hybrid-identity-audit-trail",
      "type": "string"
    },
    "cloudtrail_name": {
      "value": "hybrid-identity-audit-trail",
      "type": "string"
    },
    "cloudtrail_s3_bucket": {
      "value": "hybrid-identity-cloudtrail-logs-1of2h4n0",
      "type": "string"
    },
    "cloudtrail_s3_bucket_arn": {
      "value": "arn:aws:s3:::hybrid-identity-cloudtrail-logs-1of2h4n0",
      "type": "string"
    },
    "developer_role_arn": {
      "value": "arn:aws:iam::858259715129:role/AzureAD-Developer",
      "type": "string"
    },
    "developer_role_name": {
      "value": "AzureAD-Developer",
      "type": "string"
    },
    "finance_admin_role_arn": {
      "value": "arn:aws:iam::858259715129:role/AzureAD-FinanceAdmin",
      "type": "string"
    },
    "finance_admin_role_name": {
      "value": "AzureAD-FinanceAdmin",
      "type": "string"
    },
    "role_mappings_for_azure_ad": {
      "value": {
        "AWS Users": "arn:aws:iam::858259715129:role/AzureAD-AWSUser",
        "Developer Team": "arn:aws:iam::858259715129:role/AzureAD-Developer",
        "Finance Administrators": "arn:aws:iam::858259715129:role/AzureAD-FinanceAdmin",
        "Security Auditors": "arn:aws:iam::858259715129:role/AzureAD-SecurityAuditor"
      },
      "type": [
        "object",
        {
          "AWS Users": "string",
          "Developer Team": "string",
          "Finance Administrators": "string",
          "Security Auditors": "string"
        }
      ]
    },
    "security_auditor_role_arn": {
      "value": "arn:aws:iam::858259715129:role/AzureAD-SecurityAuditor",
      "type": "string"
    },
    "security_auditor_role_name": {
      "value": "AzureAD-SecurityAuditor",
      "type": "string"
    }
  },
  "resources": [
    {
      "mode": "data",
      "type": "aws_caller_identity",
      "name": "current",
      "provider": "provider[\"registry.terraform.io/hashicorp/aws\"]",
      "instances": [
        {
          "schema_version": 0,
          "attributes": {
            "account_id": "858259715129",
            "arn": "arn:aws:iam::858259715129:user/TerraformUser",
            "id": "858259715129",
            "user_id": "AIDA4PVCD6Q46Q3PBILKX"
          },
          "sensitive_attributes": [],
          "identity_schema_version": 0
        }
      ]
    },
    {
      "mode": "data",
      "type": "aws_iam_policy_document",
      "name": "placeholder_assume_role",
      "provider": "provider[\"registry.terraform.io/hashicorp/aws\"]",
      "instances": [
        {
          "schema_version": 0,
          "attributes": {
            "id": "919025184",
            "json": "{\n  \"Version\": \"2012-10-17\",\n  \"Statement\": [\n    {\n      \"Effect\": \"Allow\",\n      \"Action\": \"sts:AssumeRole\",\n      \"Principal\": {\n        \"AWS\": \"arn:aws:iam::858259715129:root\"\n      },\n      \"Condition\": {\n        \"Bool\": {\n          \"aws:MultiFactorAuthPresent\": \"true\"\n        }\n      }\n    }\n  ]\n}",
            "minified_json": "{\"Version\":\"2012-10-17\",\"Statement\":[{\"Effect\":\"Allow\",\"Action\":\"sts:AssumeRole\",\"Principal\":{\"AWS\":\"arn:aws:iam::858259715129:root\"},\"Condition\":{\"Bool\":{\"aws:MultiFactorAuthPresent\":\"true\"}}}]}",
            "override_json": null,
            "override_policy_documents": null,
            "policy_id": null,
            "source_json": null,
            "source_policy_documents": null,
            "statement": [
              {
                "actions": [
                  "sts:AssumeRole"
                ],
                "condition": [
                  {
                    "test": "Bool",
                    "values": [
                      "true"
                    ],
                    "variable": "aws:MultiFactorAuthPresent"
                  }
                ],
                "effect": "Allow",
                "not_actions": [],
                "not_principals": [],
                "not_resources": [],
                "principals": [
                  {
                    "identifiers": [
                      "arn:aws:iam::858259715129:root"
                    ],
                    "type": "AWS"
                  }
                ],
                "resources": [],
                "sid": ""
              }
            ],
            "version": "2012-10-17"
          },
          "sensitive_attributes": [],
          "identity_schema_version": 0
        }
      ]
    },
    {
      "mode": "data",
      "type": "aws_region",
      "name": "current",
      "provider": "provider[\"registry.terraform.io/hashicorp/aws\"]",
      "instances": [
        {
          "schema_version": 0,
          "attributes": {
            "description": "Europe (Frankfurt)",
            "endpoint": "ec2.eu-central-1.amazonaws.com",
            "id": "eu-central-1",
            "name": "eu-central-1"
          },
          "sensitive_attributes": [],
          "identity_schema_version": 0
        }
      ]
    },
    {
      "mode": "managed",
      "type": "aws_cloudtrail",
      "name": "main",
      "provider": "provider[\"registry.terraform.io/hashicorp/aws\"]",
      "instances": [
        {
          "schema_version": 1,
          "attributes": {
            "advanced_event_selector": [],
            "arn": "arn:aws:cloudtrail:eu-central-1:858259715129:trail/hybrid-identity-audit-trail",
            "cloud_watch_logs_group_arn": "",
            "cloud_watch_logs_role_arn": "",
            "enable_log_file_validation": false,
            "enable_logging": true,
            "event_selector": [
              {
                "data_resource": [],
                "exclude_management_event_sources": [],
                "include_management_events": true,
                "read_write_type": "All"
              }
            ],
            "home_region": "eu-central-1",
            "id": "arn:aws:cloudtrail:eu-central-1:858259715129:trail/hybrid-identity-audit-trail",
            "include_global_service_events": true,
            "insight_selector": [],
            "is_multi_region_trail": false,
            "is_organization_trail": false,
            "kms_key_id": "",
            "name": "hybrid-identity-audit-trail",
            "s3_bucket_name": "hybrid-identity-cloudtrail-logs-1of2h4n0",
            "s3_key_prefix": "",
            "sns_topic_arn": "",
            "sns_topic_name": "",
            "tags": {
              "Name": "Hybrid Identity Audit Trail"
            },
            "tags_all": {
              "Environment": "demo",
              "ManagedBy": "Terraform",
              "Name": "Hybrid Identity Audit Trail",
              "Owner": "CloudEngineer",
              "Project": "HybridIdentity"
            }
          },
          "sensitive_attributes": [],
          "identity_schema_version": 0,
          "private": "eyJzY2hlbWFfdmVyc2lvbiI6IjEifQ==",
          "dependencies": [
            "aws_s3_bucket.cloudtrail_logs",
            "aws_s3_bucket_policy.cloudtrail_logs_policy",
            "data.aws_caller_identity.current",
            "data.aws_region.current",
            "random_string.bucket_suffix"
          ]
        }
      ]
    },
    {
      "mode": "managed",
      "type": "aws_iam_role",
      "name": "aws_user_role",
      "provider": "provider[\"registry.terraform.io/hashicorp/aws\"]",
      "instances": [
        {
          "schema_version": 0,
          "attributes": {
            "arn": "arn:aws:iam::858259715129:role/AzureAD-AWSUser",
            "assume_role_policy": "{\"Statement\":[{\"Action\":\"sts:AssumeRole\",\"Condition\":{\"Bool\":{\"aws:MultiFactorAuthPresent\":\"true\"}},\"Effect\":\"Allow\",\"Principal\":{\"AWS\":\"arn:aws:iam::858259715129:root\"}}],\"Version\":\"2012-10-17\"}",
            "create_date": "2025-06-24T15:38:22Z",
            "description": "",
            "force_detach_policies": false,
            "id": "AzureAD-AWSUser",
            "inline_policy": [],
            "managed_policy_arns": [
              "arn:aws:iam::aws:policy/ReadOnlyAccess"
            ],
            "max_session_duration": 3600,
            "name": "AzureAD-AWSUser",
            "name_prefix": "",
            "path": "/",
            "permissions_boundary": "",
            "tags": {
              "AzureADGroup": "AWS Users",
              "Name": "AWS User Role",
              "Status": "PlaceholderForSAML"
            },
            "tags_all": {
              "AzureADGroup": "AWS Users",
              "Environment": "demo",
              "ManagedBy": "Terraform",
              "Name": "AWS User Role",
              "Owner": "CloudEngineer",
              "Project": "HybridIdentity",
              "Status": "PlaceholderForSAML"
            },
            "unique_id": "AROA4PVCD6Q43JQMAFMHV"
          },
          "sensitive_attributes": [],
          "identity_schema_version": 0,
          "private": "bnVsbA==",
          "dependencies": [
            "data.aws_caller_identity.current",
            "data.aws_iam_policy_document.placeholder_assume_role"
          ]
        }
      ]
    },
    {
      "mode": "managed",
      "type": "aws_iam_role",
      "name": "developer_role",
      "provider": "provider[\"registry.terraform.io/hashicorp/aws\"]",
      "instances": [
        {
          "schema_version": 0,
          "attributes": {
            "arn": "arn:aws:iam::858259715129:role/AzureAD-Developer",
            "assume_role_policy": "{\"Statement\":[{\"Action\":\"sts:AssumeRole\",\"Condition\":{\"Bool\":{\"aws:MultiFactorAuthPresent\":\"true\"}},\"Effect\":\"Allow\",\"Principal\":{\"AWS\":\"arn:aws:iam::858259715129:root\"}}],\"Version\":\"2012-10-17\"}",
            "create_date": "2025-06-24T15:38:22Z",
            "description": "",
            "force_detach_policies": false,
            "id": "AzureAD-Developer",
            "inline_policy": [],
            "managed_policy_arns": [
              "arn:aws:iam::aws:policy/AmazonEC2FullAccess",
              "arn:aws:iam::aws:policy/AmazonS3FullAccess"
            ],
            "max_session_duration": 3600,
            "name": "AzureAD-Developer",
            "name_prefix": "",
            "path": "/",
            "permissions_boundary": "",
            "tags": {
              "AzureADGroup": "Developer Team",
              "Name": "Developer Role",
              "Status": "PlaceholderForSAML"
            },
            "tags_all": {
              "AzureADGroup": "Developer Team",
              "Environment": "demo",
              "ManagedBy": "Terraform",
              "Name": "Developer Role",
              "Owner": "CloudEngineer",
              "Project": "HybridIdentity",
              "Status": "PlaceholderForSAML"
            },
            "unique_id": "AROA4PVCD6Q42QQXLDJ2Y"
          },
          "sensitive_attributes": [],
          "identity_schema_version": 0,
          "private": "bnVsbA==",
          "dependencies": [
            "data.aws_caller_identity.current",
            "data.aws_iam_policy_document.placeholder_assume_role"
          ]
        }
      ]
    },
    {
      "mode": "managed",
      "type": "aws_iam_role",
      "name": "finance_admin_role",
      "provider": "provider[\"registry.terraform.io/hashicorp/aws\"]",
      "instances": [
        {
          "schema_version": 0,
          "attributes": {
            "arn": "arn:aws:iam::858259715129:role/AzureAD-FinanceAdmin",
            "assume_role_policy": "{\"Statement\":[{\"Action\":\"sts:AssumeRole\",\"Condition\":{\"Bool\":{\"aws:MultiFactorAuthPresent\":\"true\"}},\"Effect\":\"Allow\",\"Principal\":{\"AWS\":\"arn:aws:iam::858259715129:root\"}}],\"Version\":\"2012-10-17\"}",
            "create_date": "2025-06-24T15:38:22Z",
            "description": "",
            "force_detach_policies": false,
            "id": "AzureAD-FinanceAdmin",
            "inline_policy": [],
            "managed_policy_arns": [
              "arn:aws:iam::aws:policy/AdministratorAccess"
            ],
            "max_session_duration": 3600,
            "name": "AzureAD-FinanceAdmin",
            "name_prefix": "",
            "path": "/",
            "permissions_boundary": "",
            "tags": {
              "AzureADGroup": "Finance Administrators",
              "Name": "Finance Administrator Role",
              "Status": "PlaceholderForSAML"
            },
            "tags_all": {
              "AzureADGroup": "Finance Administrators",
              "Environment": "demo",
              "ManagedBy": "Terraform",
              "Name": "Finance Administrator Role",
              "Owner": "CloudEngineer",
              "Project": "HybridIdentity",
              "Status": "PlaceholderForSAML"
            },
            "unique_id": "AROA4PVCD6Q43MV2CW3KS"
          },
          "sensitive_attributes": [],
          "identity_schema_version": 0,
          "private": "bnVsbA==",
          "dependencies": [
            "data.aws_caller_identity.current",
            "data.aws_iam_policy_document.placeholder_assume_role"
          ]
        }
      ]
    },
    {
      "mode": "managed",
      "type": "aws_iam_role",
      "name": "security_auditor_role",
      "provider": "provider[\"registry.terraform.io/hashicorp/aws\"]",
      "instances": [
        {
          "schema_version": 0,
          "attributes": {
            "arn": "arn:aws:iam::858259715129:role/AzureAD-SecurityAuditor",
            "assume_role_policy": "{\"Statement\":[{\"Action\":\"sts:AssumeRole\",\"Condition\":{\"Bool\":{\"aws:MultiFactorAuthPresent\":\"true\"}},\"Effect\":\"Allow\",\"Principal\":{\"AWS\":\"arn:aws:iam::858259715129:root\"}}],\"Version\":\"2012-10-17\"}",
            "create_date": "2025-06-24T15:38:22Z",
            "description": "",
            "force_detach_policies": false,
            "id": "AzureAD-SecurityAuditor",
            "inline_policy": [],
            "managed_policy_arns": [
              "arn:aws:iam::aws:policy/SecurityAudit"
            ],
            "max_session_duration": 3600,
            "name": "AzureAD-SecurityAuditor",
            "name_prefix": "",
            "path": "/",
            "permissions_boundary": "",
            "tags": {
              "AzureADGroup": "Security Auditors",
              "Name": "Security Auditor Role",
              "Status": "PlaceholderForSAML"
            },
            "tags_all": {
              "AzureADGroup": "Security Auditors",
              "Environment": "demo",
              "ManagedBy": "Terraform",
              "Name": "Security Auditor Role",
              "Owner": "CloudEngineer",
              "Project": "HybridIdentity",
              "Status": "PlaceholderForSAML"
            },
            "unique_id": "AROA4PVCD6Q45ZYTOMYKE"
          },
          "sensitive_attributes": [],
          "identity_schema_version": 0,
          "private": "bnVsbA==",
          "dependencies": [
            "data.aws_caller_identity.current",
            "data.aws_iam_policy_document.placeholder_assume_role"
          ]
        }
      ]
    },
    {
      "mode": "managed",
      "type": "aws_iam_role_policy_attachment",
      "name": "aws_user_readonly",
      "provider": "provider[\"registry.terraform.io/hashicorp/aws\"]",
      "instances": [
        {
          "schema_version": 0,
          "attributes": {
            "id": "AzureAD-AWSUser-20250624153825653100000002",
            "policy_arn": "arn:aws:iam::aws:policy/ReadOnlyAccess",
            "role": "AzureAD-AWSUser"
          },
          "sensitive_attributes": [],
          "identity_schema_version": 0,
          "private": "bnVsbA==",
          "dependencies": [
            "aws_iam_role.aws_user_role",
            "data.aws_caller_identity.current",
            "data.aws_iam_policy_document.placeholder_assume_role"
          ]
        }
      ]
    },
    {
      "mode": "managed",
      "type": "aws_iam_role_policy_attachment",
      "name": "developer_ec2_access",
      "provider": "provider[\"registry.terraform.io/hashicorp/aws\"]",
      "instances": [
        {
          "schema_version": 0,
          "attributes": {
            "id": "AzureAD-Developer-20250624153825674800000004",
            "policy_arn": "arn:aws:iam::aws:policy/AmazonEC2FullAccess",
            "role": "AzureAD-Developer"
          },
          "sensitive_attributes": [],
          "identity_schema_version": 0,
          "private": "bnVsbA==",
          "dependencies": [
            "aws_iam_role.developer_role",
            "data.aws_caller_identity.current",
            "data.aws_iam_policy_document.placeholder_assume_role"
          ]
        }
      ]
    },
    {
      "mode": "managed",
      "type": "aws_iam_role_policy_attachment",
      "name": "developer_s3_access",
      "provider": "provider[\"registry.terraform.io/hashicorp/aws\"]",
      "instances": [
        {
          "schema_version": 0,
          "attributes": {
            "id": "AzureAD-Developer-20250624153825670700000003",
            "policy_arn": "arn:aws:iam::aws:policy/AmazonS3FullAccess",
            "role": "AzureAD-Developer"
          },
          "sensitive_attributes": [],
          "identity_schema_version": 0,
          "private": "bnVsbA==",
          "dependencies": [
            "aws_iam_role.developer_role",
            "data.aws_caller_identity.current",
            "data.aws_iam_policy_document.placeholder_assume_role"
          ]
        }
      ]
    },
    {
      "mode": "managed",
      "type": "aws_iam_role_policy_attachment",
      "name": "finance_admin_admin_access",
      "provider": "provider[\"registry.terraform.io/hashicorp/aws\"]",
      "instances": [
        {
          "schema_version": 0,
          "attributes": {
            "id": "AzureAD-FinanceAdmin-20250624153825611900000001",
            "policy_arn": "arn:aws:iam::aws:policy/AdministratorAccess",
            "role": "AzureAD-FinanceAdmin"
          },
          "sensitive_attributes": [],
          "identity_schema_version": 0,
          "private": "bnVsbA==",
          "dependencies": [
            "aws_iam_role.finance_admin_role",
            "data.aws_caller_identity.current",
            "data.aws_iam_policy_document.placeholder_assume_role"
          ]
        }
      ]
    },
    {
      "mode": "managed",
      "type": "aws_iam_role_policy_attachment",
      "name": "security_auditor_cloudwatch",
      "provider": "provider[\"registry.terraform.io/hashicorp/aws\"]",
      "instances": [
        {
          "schema_version": 0,
          "attributes": {
            "id": "AzureAD-SecurityAuditor-20250624154402429200000001",
            "policy_arn": "arn:aws:iam::aws:policy/CloudWatchReadOnlyAccess",
            "role": "AzureAD-SecurityAuditor"
          },
          "sensitive_attributes": [],
          "identity_schema_version": 0,
          "private": "bnVsbA==",
          "dependencies": [
            "aws_iam_role.security_auditor_role",
            "data.aws_caller_identity.current",
            "data.aws_iam_policy_document.placeholder_assume_role"
          ]
        }
      ]
    },
    {
      "mode": "managed",
      "type": "aws_iam_role_policy_attachment",
      "name": "security_auditor_security_audit",
      "provider": "provider[\"registry.terraform.io/hashicorp/aws\"]",
      "instances": [
        {
          "schema_version": 0,
          "attributes": {
            "id": "AzureAD-SecurityAuditor-20250624153825840600000005",
            "policy_arn": "arn:aws:iam::aws:policy/SecurityAudit",
            "role": "AzureAD-SecurityAuditor"
          },
          "sensitive_attributes": [],
          "identity_schema_version": 0,
          "private": "bnVsbA==",
          "dependencies": [
            "aws_iam_role.security_auditor_role",
            "data.aws_caller_identity.current",
            "data.aws_iam_policy_document.placeholder_assume_role"
          ]
        }
      ]
    },
    {
      "mode": "managed",
      "type": "aws_s3_bucket",
      "name": "cloudtrail_logs",
      "provider": "provider[\"registry.terraform.io/hashicorp/aws\"]",
      "instances": [
        {
          "schema_version": 0,
          "attributes": {
            "acceleration_status": "",
            "acl": null,
            "arn": "arn:aws:s3:::hybrid-identity-cloudtrail-logs-1of2h4n0",
            "bucket": "hybrid-identity-cloudtrail-logs-1of2h4n0",
            "bucket_domain_name": "hybrid-identity-cloudtrail-logs-1of2h4n0.s3.amazonaws.com",
            "bucket_prefix": "",
            "bucket_regional_domain_name": "hybrid-identity-cloudtrail-logs-1of2h4n0.s3.eu-central-1.amazonaws.com",
            "cors_rule": [],
            "force_destroy": true,
            "grant": [
              {
                "id": "97f0cae2c5d06d9d0a4ed585673379e1019735d5ed29bc2d8392f5b1a44682e4",
                "permissions": [
                  "FULL_CONTROL"
                ],
                "type": "CanonicalUser",
                "uri": ""
              }
            ],
            "hosted_zone_id": "Z21DNDUVLTQW6Q",
            "id": "hybrid-identity-cloudtrail-logs-1of2h4n0",
            "lifecycle_rule": [],
            "logging": [],
            "object_lock_configuration": [],
            "object_lock_enabled": false,
            "policy": "{\"Statement\":[{\"Action\":\"s3:GetBucketAcl\",\"Condition\":{\"StringEquals\":{\"AWS:SourceArn\":\"arn:aws:cloudtrail:eu-central-1:858259715129:trail/hybrid-identity-audit-trail\"}},\"Effect\":\"Allow\",\"Principal\":{\"Service\":\"cloudtrail.amazonaws.com\"},\"Resource\":\"arn:aws:s3:::hybrid-identity-cloudtrail-logs-1of2h4n0\",\"Sid\":\"AWSCloudTrailAclCheck\"},{\"Action\":\"s3:PutObject\",\"Condition\":{\"StringEquals\":{\"AWS:SourceArn\":\"arn:aws:cloudtrail:eu-central-1:858259715129:trail/hybrid-identity-audit-trail\",\"s3:x-amz-acl\":\"bucket-owner-full-control\"}},\"Effect\":\"Allow\",\"Principal\":{\"Service\":\"cloudtrail.amazonaws.com\"},\"Resource\":\"arn:aws:s3:::hybrid-identity-cloudtrail-logs-1of2h4n0/*\",\"Sid\":\"AWSCloudTrailWrite\"}],\"Version\":\"2012-10-17\"}",
            "region": "eu-central-1",
            "replication_configuration": [],
            "request_payer": "BucketOwner",
            "server_side_encryption_configuration": [
              {
                "rule": [
                  {
                    "apply_server_side_encryption_by_default": [
                      {
                        "kms_master_key_id": "",
                        "sse_algorithm": "AES256"
                      }
                    ],
                    "bucket_key_enabled": false
                  }
                ]
              }
            ],
            "tags": {
              "Name": "CloudTrail Logs Bucket"
            },
            "tags_all": {
              "Environment": "demo",
              "ManagedBy": "Terraform",
              "Name": "CloudTrail Logs Bucket",
              "Owner": "CloudEngineer",
              "Project": "HybridIdentity"
            },
            "timeouts": null,
            "versioning": [
              {
                "enabled": true,
                "mfa_delete": false
              }
            ],
            "website": [],
            "website_domain": null,
            "website_endpoint": null
          },
          "sensitive_attributes": [],
          "identity_schema_version": 0,
          "private": "eyJlMmJmYjczMC1lY2FhLTExZTYtOGY4OC0zNDM2M2JjN2M0YzAiOnsiY3JlYXRlIjoxMjAwMDAwMDAwMDAwLCJkZWxldGUiOjM2MDAwMDAwMDAwMDAsInJlYWQiOjEyMDAwMDAwMDAwMDAsInVwZGF0ZSI6MTIwMDAwMDAwMDAwMH19",
          "dependencies": [
            "random_string.bucket_suffix"
          ]
        }
      ]
    },
    {
      "mode": "managed",
      "type": "aws_s3_bucket_policy",
      "name": "cloudtrail_logs_policy",
      "provider": "provider[\"registry.terraform.io/hashicorp/aws\"]",
      "instances": [
        {
          "schema_version": 0,
          "attributes": {
            "bucket": "hybrid-identity-cloudtrail-logs-1of2h4n0",
            "id": "hybrid-identity-cloudtrail-logs-1of2h4n0",
            "policy": "{\"Statement\":[{\"Action\":\"s3:GetBucketAcl\",\"Condition\":{\"StringEquals\":{\"AWS:SourceArn\":\"arn:aws:cloudtrail:eu-central-1:858259715129:trail/hybrid-identity-audit-trail\"}},\"Effect\":\"Allow\",\"Principal\":{\"Service\":\"cloudtrail.amazonaws.com\"},\"Resource\":\"arn:aws:s3:::hybrid-identity-cloudtrail-logs-1of2h4n0\",\"Sid\":\"AWSCloudTrailAclCheck\"},{\"Action\":\"s3:PutObject\",\"Condition\":{\"StringEquals\":{\"AWS:SourceArn\":\"arn:aws:cloudtrail:eu-central-1:858259715129:trail/hybrid-identity-audit-trail\",\"s3:x-amz-acl\":\"bucket-owner-full-control\"}},\"Effect\":\"Allow\",\"Principal\":{\"Service\":\"cloudtrail.amazonaws.com\"},\"Resource\":\"arn:aws:s3:::hybrid-identity-cloudtrail-logs-1of2h4n0/*\",\"Sid\":\"AWSCloudTrailWrite\"}],\"Version\":\"2012-10-17\"}"
          },
          "sensitive_attributes": [],
          "identity_schema_version": 0,
          "private": "bnVsbA==",
          "dependencies": [
            "aws_s3_bucket.cloudtrail_logs",
            "data.aws_caller_identity.current",
            "data.aws_region.current",
            "random_string.bucket_suffix"
          ]
        }
      ]
    },
    {
      "mode": "managed",
      "type": "aws_s3_bucket_server_side_encryption_configuration",
      "name": "cloudtrail_logs_encryption",
      "provider": "provider[\"registry.terraform.io/hashicorp/aws\"]",
      "instances": [
        {
          "schema_version": 0,
          "attributes": {
            "bucket": "hybrid-identity-cloudtrail-logs-1of2h4n0",
            "expected_bucket_owner": "",
            "id": "hybrid-identity-cloudtrail-logs-1of2h4n0",
            "rule": [
              {
                "apply_server_side_encryption_by_default": [
                  {
                    "kms_master_key_id": "",
                    "sse_algorithm": "AES256"
                  }
                ],
                "bucket_key_enabled": false
              }
            ]
          },
          "sensitive_attributes": [],
          "identity_schema_version": 0,
          "private": "bnVsbA==",
          "dependencies": [
            "aws_s3_bucket.cloudtrail_logs",
            "random_string.bucket_suffix"
          ]
        }
      ]
    },
    {
      "mode": "managed",
      "type": "aws_s3_bucket_versioning",
      "name": "cloudtrail_logs_versioning",
      "provider": "provider[\"registry.terraform.io/hashicorp/aws\"]",
      "instances": [
        {
          "schema_version": 0,
          "attributes": {
            "bucket": "hybrid-identity-cloudtrail-logs-1of2h4n0",
            "expected_bucket_owner": "",
            "id": "hybrid-identity-cloudtrail-logs-1of2h4n0",
            "mfa": null,
            "versioning_configuration": [
              {
                "mfa_delete": "",
                "status": "Enabled"
              }
            ]
          },
          "sensitive_attributes": [],
          "identity_schema_version": 0,
          "private": "bnVsbA==",
          "dependencies": [
            "aws_s3_bucket.cloudtrail_logs",
            "random_string.bucket_suffix"
          ]
        }
      ]
    },
    {
      "mode": "managed",
      "type": "random_string",
      "name": "bucket_suffix",
      "provider": "provider[\"registry.terraform.io/hashicorp/random\"]",
      "instances": [
        {
          "schema_version": 2,
          "attributes": {
            "id": "1of2h4n0",
            "keepers": null,
            "length": 8,
            "lower": true,
            "min_lower": 0,
            "min_numeric": 0,
            "min_special": 0,
            "min_upper": 0,
            "number": true,
            "numeric": true,
            "override_special": null,
            "result": "1of2h4n0",
            "special": false,
            "upper": false
          },
          "sensitive_attributes": [],
          "identity_schema_version": 0
        }
      ]
    }
  ],
  "check_results": [
    {
      "object_kind": "var",
      "config_addr": "var.aws_region",
      "status": "pass",
      "objects": [
        {
          "object_addr": "var.aws_region",
          "status": "pass"
        }
      ]
    }
  ]
}
