{
  "version": 4,
  "terraform_version": "1.12.2",
  "serial": 11,
  "lineage": "402167fb-1b9f-b826-d6ba-1b59d1b14653",
  "outputs": {
    "azure_ad_group_ids": {
      "value": {
        "aws_users_id": "83af646f-104b-410f-af8b-028b3b90ee5f",
        "developers_id": "e30161d3-7a57-4bb4-92b0-bbb4292cea30",
        "finance_admins_id": "cc6a740c-d134-4348-856e-b02c317229cd",
        "security_auditors_id": "7047bf63-ab98-4e0e-b86d-daa25157e854"
      },
      "type": [
        "object",
        {
          "aws_users_id": "string",
          "developers_id": "string",
          "finance_admins_id": "string",
          "security_auditors_id": "string"
        }
      ]
    },
    "azure_ad_groups": {
      "value": {
        "aws_users": "AWS Users",
        "developers": "Developer Team",
        "finance_admins": "Finance Administrators",
        "security_auditors": "Security Auditors"
      },
      "type": [
        "object",
        {
          "aws_users": "string",
          "developers": "string",
          "finance_admins": "string",
          "security_auditors": "string"
        }
      ]
    },
    "key_vault_name": {
      "value": "kv-hybrid-identity-ivu3",
      "type": "string"
    },
    "key_vault_uri": {
      "value": "https://kv-hybrid-identity-ivu3.vault.azure.net/",
      "type": "string"
    },
    "log_analytics_workspace_id": {
      "value": "/subscriptions/f04cbb73-4455-44a1-be19-6e3883db02e3/resourceGroups/rg-monitoring-demo-We/providers/Microsoft.OperationalInsights/workspaces/law-hybrid-identity-demo",
      "type": "string"
    },
    "log_analytics_workspace_name": {
      "value": "law-hybrid-identity-demo",
      "type": "string"
    },
    "resource_group_identity_name": {
      "value": "rg-hybrid-identity-demo-We",
      "type": "string"
    },
    "resource_group_monitoring_name": {
      "value": "rg-monitoring-demo-We",
      "type": "string"
    },
    "subscription_id": {
      "value": "f04cbb73-4455-44a1-be19-6e3883db02e3",
      "type": "string"
    },
    "tenant_id": {
      "value": "ecf3b07d-1f21-4448-a688-aa0de346eb0b",
      "type": "string"
    }
  },
  "resources": [
    {
      "mode": "data",
      "type": "azuread_client_config",
      "name": "current",
      "provider": "provider[\"registry.terraform.io/hashicorp/azuread\"]",
      "instances": [
        {
          "schema_version": 0,
          "attributes": {
            "client_id": "04b07795-8ddb-461a-bbee-02f9e1bf7b46",
            "id": "ecf3b07d-1f21-4448-a688-aa0de346eb0b-04b07795-8ddb-461a-bbee-02f9e1bf7b46-81750d43-9d45-464a-b231-a3858aa3a5f6",
            "object_id": "81750d43-9d45-464a-b231-a3858aa3a5f6",
            "tenant_id": "ecf3b07d-1f21-4448-a688-aa0de346eb0b",
            "timeouts": null
          },
          "sensitive_attributes": [],
          "identity_schema_version": 0
        }
      ]
    },
    {
      "mode": "data",
      "type": "azurerm_client_config",
      "name": "current",
      "provider": "provider[\"registry.terraform.io/hashicorp/azurerm\"]",
      "instances": [
        {
          "schema_version": 0,
          "attributes": {
            "client_id": "04b07795-8ddb-461a-bbee-02f9e1bf7b46",
            "id": "Y2xpZW50Q29uZmlncy9jbGllbnRJZD0wNGIwNzc5NS04ZGRiLTQ2MWEtYmJlZS0wMmY5ZTFiZjdiNDY7b2JqZWN0SWQ9ODE3NTBkNDMtOWQ0NS00NjRhLWIyMzEtYTM4NThhYTNhNWY2O3N1YnNjcmlwdGlvbklkPWYwNGNiYjczLTQ0NTUtNDRhMS1iZTE5LTZlMzg4M2RiMDJlMzt0ZW5hbnRJZD1lY2YzYjA3ZC0xZjIxLTQ0NDgtYTY4OC1hYTBkZTM0NmViMGI=",
            "object_id": "81750d43-9d45-464a-b231-a3858aa3a5f6",
            "subscription_id": "f04cbb73-4455-44a1-be19-6e3883db02e3",
            "tenant_id": "ecf3b07d-1f21-4448-a688-aa0de346eb0b",
            "timeouts": null
          },
          "sensitive_attributes": [],
          "identity_schema_version": 0
        }
      ]
    },
    {
      "mode": "managed",
      "type": "azuread_group",
      "name": "aws_users",
      "provider": "provider[\"registry.terraform.io/hashicorp/azuread\"]",
      "instances": [
        {
          "schema_version": 0,
          "attributes": {
            "administrative_unit_ids": null,
            "assignable_to_role": false,
            "auto_subscribe_new_members": false,
            "behaviors": null,
            "description": "Users with access to AWS resources via Azure AD SSO",
            "display_name": "AWS Users",
            "dynamic_membership": [],
            "external_senders_allowed": false,
            "hide_from_address_lists": false,
            "hide_from_outlook_clients": false,
            "id": "83af646f-104b-410f-af8b-028b3b90ee5f",
            "mail": "",
            "mail_enabled": false,
            "mail_nickname": "3b039f37-5",
            "members": [],
            "object_id": "83af646f-104b-410f-af8b-028b3b90ee5f",
            "onpremises_domain_name": "",
            "onpremises_group_type": "",
            "onpremises_netbios_name": "",
            "onpremises_sam_account_name": "",
            "onpremises_security_identifier": "",
            "onpremises_sync_enabled": false,
            "owners": [
              "81750d43-9d45-464a-b231-a3858aa3a5f6"
            ],
            "preferred_language": "",
            "prevent_duplicate_names": false,
            "provisioning_options": null,
            "proxy_addresses": [],
            "security_enabled": true,
            "theme": "",
            "timeouts": null,
            "types": null,
            "visibility": "",
            "writeback_enabled": false
          },
          "sensitive_attributes": [],
          "identity_schema_version": 0,
          "private": "eyJlMmJmYjczMC1lY2FhLTExZTYtOGY4OC0zNDM2M2JjN2M0YzAiOnsiY3JlYXRlIjoxMjAwMDAwMDAwMDAwLCJkZWxldGUiOjMwMDAwMDAwMDAwMCwicmVhZCI6MzAwMDAwMDAwMDAwLCJ1cGRhdGUiOjEyMDAwMDAwMDAwMDB9fQ==",
          "dependencies": [
            "data.azuread_client_config.current"
          ]
        }
      ]
    },
    {
      "mode": "managed",
      "type": "azuread_group",
      "name": "developers",
      "provider": "provider[\"registry.terraform.io/hashicorp/azuread\"]",
      "instances": [
        {
          "schema_version": 0,
          "attributes": {
            "administrative_unit_ids": null,
            "assignable_to_role": false,
            "auto_subscribe_new_members": false,
            "behaviors": null,
            "description": "Development team members",
            "display_name": "Developer Team",
            "dynamic_membership": [],
            "external_senders_allowed": false,
            "hide_from_address_lists": false,
            "hide_from_outlook_clients": false,
            "id": "e30161d3-7a57-4bb4-92b0-bbb4292cea30",
            "mail": "",
            "mail_enabled": false,
            "mail_nickname": "f8aaeddf-4",
            "members": [],
            "object_id": "e30161d3-7a57-4bb4-92b0-bbb4292cea30",
            "onpremises_domain_name": "",
            "onpremises_group_type": "",
            "onpremises_netbios_name": "",
            "onpremises_sam_account_name": "",
            "onpremises_security_identifier": "",
            "onpremises_sync_enabled": false,
            "owners": [
              "81750d43-9d45-464a-b231-a3858aa3a5f6"
            ],
            "preferred_language": "",
            "prevent_duplicate_names": false,
            "provisioning_options": null,
            "proxy_addresses": [],
            "security_enabled": true,
            "theme": "",
            "timeouts": null,
            "types": null,
            "visibility": "",
            "writeback_enabled": false
          },
          "sensitive_attributes": [],
          "identity_schema_version": 0,
          "private": "eyJlMmJmYjczMC1lY2FhLTExZTYtOGY4OC0zNDM2M2JjN2M0YzAiOnsiY3JlYXRlIjoxMjAwMDAwMDAwMDAwLCJkZWxldGUiOjMwMDAwMDAwMDAwMCwicmVhZCI6MzAwMDAwMDAwMDAwLCJ1cGRhdGUiOjEyMDAwMDAwMDAwMDB9fQ==",
          "dependencies": [
            "data.azuread_client_config.current"
          ]
        }
      ]
    },
    {
      "mode": "managed",
      "type": "azuread_group",
      "name": "finance_admins",
      "provider": "provider[\"registry.terraform.io/hashicorp/azuread\"]",
      "instances": [
        {
          "schema_version": 0,
          "attributes": {
            "administrative_unit_ids": null,
            "assignable_to_role": false,
            "auto_subscribe_new_members": false,
            "behaviors": null,
            "description": "Administrators for financial applications and AWS access",
            "display_name": "Finance Administrators",
            "dynamic_membership": [],
            "external_senders_allowed": false,
            "hide_from_address_lists": false,
            "hide_from_outlook_clients": false,
            "id": "cc6a740c-d134-4348-856e-b02c317229cd",
            "mail": "",
            "mail_enabled": false,
            "mail_nickname": "ca920028-d",
            "members": [],
            "object_id": "cc6a740c-d134-4348-856e-b02c317229cd",
            "onpremises_domain_name": "",
            "onpremises_group_type": "",
            "onpremises_netbios_name": "",
            "onpremises_sam_account_name": "",
            "onpremises_security_identifier": "",
            "onpremises_sync_enabled": false,
            "owners": [
              "81750d43-9d45-464a-b231-a3858aa3a5f6"
            ],
            "preferred_language": "",
            "prevent_duplicate_names": false,
            "provisioning_options": null,
            "proxy_addresses": [],
            "security_enabled": true,
            "theme": "",
            "timeouts": null,
            "types": null,
            "visibility": "",
            "writeback_enabled": false
          },
          "sensitive_attributes": [],
          "identity_schema_version": 0,
          "private": "eyJlMmJmYjczMC1lY2FhLTExZTYtOGY4OC0zNDM2M2JjN2M0YzAiOnsiY3JlYXRlIjoxMjAwMDAwMDAwMDAwLCJkZWxldGUiOjMwMDAwMDAwMDAwMCwicmVhZCI6MzAwMDAwMDAwMDAwLCJ1cGRhdGUiOjEyMDAwMDAwMDAwMDB9fQ==",
          "dependencies": [
            "data.azuread_client_config.current"
          ]
        }
      ]
    },
    {
      "mode": "managed",
      "type": "azuread_group",
      "name": "security_auditors",
      "provider": "provider[\"registry.terraform.io/hashicorp/azuread\"]",
      "instances": [
        {
          "schema_version": 0,
          "attributes": {
            "administrative_unit_ids": null,
            "assignable_to_role": false,
            "auto_subscribe_new_members": false,
            "behaviors": null,
            "description": "Security auditing and compliance team",
            "display_name": "Security Auditors",
            "dynamic_membership": [],
            "external_senders_allowed": false,
            "hide_from_address_lists": false,
            "hide_from_outlook_clients": false,
            "id": "7047bf63-ab98-4e0e-b86d-daa25157e854",
            "mail": "",
            "mail_enabled": false,
            "mail_nickname": "4aeb0d8c-0",
            "members": [],
            "object_id": "7047bf63-ab98-4e0e-b86d-daa25157e854",
            "onpremises_domain_name": "",
            "onpremises_group_type": "",
            "onpremises_netbios_name": "",
            "onpremises_sam_account_name": "",
            "onpremises_security_identifier": "",
            "onpremises_sync_enabled": false,
            "owners": [
              "81750d43-9d45-464a-b231-a3858aa3a5f6"
            ],
            "preferred_language": "",
            "prevent_duplicate_names": false,
            "provisioning_options": null,
            "proxy_addresses": [],
            "security_enabled": true,
            "theme": "",
            "timeouts": null,
            "types": null,
            "visibility": "",
            "writeback_enabled": false
          },
          "sensitive_attributes": [],
          "identity_schema_version": 0,
          "private": "eyJlMmJmYjczMC1lY2FhLTExZTYtOGY4OC0zNDM2M2JjN2M0YzAiOnsiY3JlYXRlIjoxMjAwMDAwMDAwMDAwLCJkZWxldGUiOjMwMDAwMDAwMDAwMCwicmVhZCI6MzAwMDAwMDAwMDAwLCJ1cGRhdGUiOjEyMDAwMDAwMDAwMDB9fQ==",
          "dependencies": [
            "data.azuread_client_config.current"
          ]
        }
      ]
    },
    {
      "mode": "managed",
      "type": "azurerm_key_vault",
      "name": "main",
      "provider": "provider[\"registry.terraform.io/hashicorp/azurerm\"]",
      "instances": [
        {
          "schema_version": 2,
          "attributes": {
            "access_policy": [],
            "contact": [],
            "enable_rbac_authorization": false,
            "enabled_for_deployment": true,
            "enabled_for_disk_encryption": true,
            "enabled_for_template_deployment": true,
            "id": "/subscriptions/f04cbb73-4455-44a1-be19-6e3883db02e3/resourceGroups/rg-hybrid-identity-demo-We/providers/Microsoft.KeyVault/vaults/kv-hybrid-identity-ivu3",
            "location": "westeurope",
            "name": "kv-hybrid-identity-ivu3",
            "network_acls": [
              {
                "bypass": "AzureServices",
                "default_action": "Allow",
                "ip_rules": [],
                "virtual_network_subnet_ids": []
              }
            ],
            "public_network_access_enabled": true,
            "purge_protection_enabled": false,
            "resource_group_name": "rg-hybrid-identity-demo-We",
            "sku_name": "standard",
            "soft_delete_retention_days": 7,
            "tags": {
              "CostCenter": "Demo",
              "Environment": "demo",
              "ManagedBy": "Terraform",
              "Owner": "CloudEngineer",
              "Project": "HybridIdentity"
            },
            "tenant_id": "ecf3b07d-1f21-4448-a688-aa0de346eb0b",
            "timeouts": null,
            "vault_uri": "https://kv-hybrid-identity-ivu3.vault.azure.net/"
          },
          "sensitive_attributes": [],
          "identity_schema_version": 0,
          "private": "eyJlMmJmYjczMC1lY2FhLTExZTYtOGY4OC0zNDM2M2JjN2M0YzAiOnsiY3JlYXRlIjoxODAwMDAwMDAwMDAwLCJkZWxldGUiOjE4MDAwMDAwMDAwMDAsInJlYWQiOjMwMDAwMDAwMDAwMCwidXBkYXRlIjoxODAwMDAwMDAwMDAwfSwic2NoZW1hX3ZlcnNpb24iOiIyIn0=",
          "dependencies": [
            "azurerm_resource_group.identity",
            "data.azurerm_client_config.current",
            "random_string.suffix"
          ]
        }
      ]
    },
    {
      "mode": "managed",
      "type": "azurerm_key_vault_access_policy",
      "name": "current_user",
      "provider": "provider[\"registry.terraform.io/hashicorp/azurerm\"]",
      "instances": [
        {
          "schema_version": 0,
          "attributes": {
            "application_id": null,
            "certificate_permissions": [
              "Get",
              "List",
              "Create",
              "Delete",
              "Update",
              "Purge",
              "Recover"
            ],
            "id": "/subscriptions/f04cbb73-4455-44a1-be19-6e3883db02e3/resourceGroups/rg-hybrid-identity-demo-We/providers/Microsoft.KeyVault/vaults/kv-hybrid-identity-ivu3/objectId/81750d43-9d45-464a-b231-a3858aa3a5f6",
            "key_permissions": [
              "Get",
              "List",
              "Create",
              "Delete",
              "Update",
              "Purge",
              "Recover"
            ],
            "key_vault_id": "/subscriptions/f04cbb73-4455-44a1-be19-6e3883db02e3/resourceGroups/rg-hybrid-identity-demo-We/providers/Microsoft.KeyVault/vaults/kv-hybrid-identity-ivu3",
            "object_id": "81750d43-9d45-464a-b231-a3858aa3a5f6",
            "secret_permissions": [
              "Get",
              "List",
              "Set",
              "Delete",
              "Purge",
              "Recover"
            ],
            "storage_permissions": null,
            "tenant_id": "ecf3b07d-1f21-4448-a688-aa0de346eb0b",
            "timeouts": null
          },
          "sensitive_attributes": [],
          "identity_schema_version": 0,
          "private": "eyJlMmJmYjczMC1lY2FhLTExZTYtOGY4OC0zNDM2M2JjN2M0YzAiOnsiY3JlYXRlIjoxODAwMDAwMDAwMDAwLCJkZWxldGUiOjE4MDAwMDAwMDAwMDAsInJlYWQiOjMwMDAwMDAwMDAwMCwidXBkYXRlIjoxODAwMDAwMDAwMDAwfX0=",
          "dependencies": [
            "azurerm_key_vault.main",
            "azurerm_resource_group.identity",
            "data.azurerm_client_config.current",
            "random_string.suffix"
          ]
        }
      ]
    },
    {
      "mode": "managed",
      "type": "azurerm_log_analytics_workspace",
      "name": "main",
      "provider": "provider[\"registry.terraform.io/hashicorp/azurerm\"]",
      "instances": [
        {
          "schema_version": 3,
          "attributes": {
            "allow_resource_only_permissions": true,
            "cmk_for_query_forced": false,
            "daily_quota_gb": -1,
            "data_collection_rule_id": "",
            "id": "/subscriptions/f04cbb73-4455-44a1-be19-6e3883db02e3/resourceGroups/rg-monitoring-demo-We/providers/Microsoft.OperationalInsights/workspaces/law-hybrid-identity-demo",
            "identity": [],
            "immediate_data_purge_on_30_days_enabled": false,
            "internet_ingestion_enabled": true,
            "internet_query_enabled": true,
            "local_authentication_disabled": false,
            "location": "westeurope",
            "name": "law-hybrid-identity-demo",
            "primary_shared_key": "pYKmEsvJoe39MdpKbWnjWUQf+ATzyyYbb18SjlGcKwvLpmxvo74aWcbcDoCFnb0vRPmbRfPruHbsEPAqvuw1Dw==",
            "reservation_capacity_in_gb_per_day": null,
            "resource_group_name": "rg-monitoring-demo-We",
            "retention_in_days": 30,
            "secondary_shared_key": "jxIuV8YyoOP6Heit7K2SmKRCRBaYBnXxfm29r2S1QHcahqKJ0FEDCaf0uM+9ur/pYGk1f5K6mbTANJlVd/qTlw==",
            "sku": "PerGB2018",
            "tags": {
              "CostCenter": "Demo",
              "Environment": "demo",
              "ManagedBy": "Terraform",
              "Owner": "CloudEngineer",
              "Project": "HybridIdentity"
            },
            "timeouts": null,
            "workspace_id": "2f41915a-8a9a-42f9-83e3-db3a71fcedb9"
          },
          "sensitive_attributes": [
            [
              {
                "type": "get_attr",
                "value": "primary_shared_key"
              }
            ],
            [
              {
                "type": "get_attr",
                "value": "secondary_shared_key"
              }
            ]
          ],
          "identity_schema_version": 0,
          "private": "eyJlMmJmYjczMC1lY2FhLTExZTYtOGY4OC0zNDM2M2JjN2M0YzAiOnsiY3JlYXRlIjoxODAwMDAwMDAwMDAwLCJkZWxldGUiOjE4MDAwMDAwMDAwMDAsInJlYWQiOjMwMDAwMDAwMDAwMCwidXBkYXRlIjoxODAwMDAwMDAwMDAwfSwic2NoZW1hX3ZlcnNpb24iOiIzIn0=",
          "dependencies": [
            "azurerm_resource_group.monitoring"
          ]
        }
      ]
    },
    {
      "mode": "managed",
      "type": "azurerm_resource_group",
      "name": "identity",
      "provider": "provider[\"registry.terraform.io/hashicorp/azurerm\"]",
      "instances": [
        {
          "schema_version": 0,
          "attributes": {
            "id": "/subscriptions/f04cbb73-4455-44a1-be19-6e3883db02e3/resourceGroups/rg-hybrid-identity-demo-We",
            "location": "westeurope",
            "managed_by": "",
            "name": "rg-hybrid-identity-demo-We",
            "tags": {
              "CostCenter": "Demo",
              "Environment": "demo",
              "ManagedBy": "Terraform",
              "Owner": "CloudEngineer",
              "Project": "HybridIdentity"
            },
            "timeouts": null
          },
          "sensitive_attributes": [],
          "identity_schema_version": 0,
          "private": "eyJlMmJmYjczMC1lY2FhLTExZTYtOGY4OC0zNDM2M2JjN2M0YzAiOnsiY3JlYXRlIjo1NDAwMDAwMDAwMDAwLCJkZWxldGUiOjU0MDAwMDAwMDAwMDAsInJlYWQiOjMwMDAwMDAwMDAwMCwidXBkYXRlIjo1NDAwMDAwMDAwMDAwfX0="
        }
      ]
    },
    {
      "mode": "managed",
      "type": "azurerm_resource_group",
      "name": "monitoring",
      "provider": "provider[\"registry.terraform.io/hashicorp/azurerm\"]",
      "instances": [
        {
          "schema_version": 0,
          "attributes": {
            "id": "/subscriptions/f04cbb73-4455-44a1-be19-6e3883db02e3/resourceGroups/rg-monitoring-demo-We",
            "location": "westeurope",
            "managed_by": "",
            "name": "rg-monitoring-demo-We",
            "tags": {
              "CostCenter": "Demo",
              "Environment": "demo",
              "ManagedBy": "Terraform",
              "Owner": "CloudEngineer",
              "Project": "HybridIdentity"
            },
            "timeouts": null
          },
          "sensitive_attributes": [],
          "identity_schema_version": 0,
          "private": "eyJlMmJmYjczMC1lY2FhLTExZTYtOGY4OC0zNDM2M2JjN2M0YzAiOnsiY3JlYXRlIjo1NDAwMDAwMDAwMDAwLCJkZWxldGUiOjU0MDAwMDAwMDAwMDAsInJlYWQiOjMwMDAwMDAwMDAwMCwidXBkYXRlIjo1NDAwMDAwMDAwMDAwfX0="
        }
      ]
    },
    {
      "mode": "managed",
      "type": "random_string",
      "name": "suffix",
      "provider": "provider[\"registry.terraform.io/hashicorp/random\"]",
      "instances": [
        {
          "schema_version": 2,
          "attributes": {
            "id": "ivu3",
            "keepers": null,
            "length": 4,
            "lower": true,
            "min_lower": 0,
            "min_numeric": 0,
            "min_special": 0,
            "min_upper": 0,
            "number": true,
            "numeric": true,
            "override_special": null,
            "result": "ivu3",
            "special": false,
            "upper": false
          },
          "sensitive_attributes": [],
          "identity_schema_version": 0
        }
      ]
    }
  ],
  "check_results": [
    {
      "object_kind": "var",
      "config_addr": "var.environment",
      "status": "pass",
      "objects": [
        {
          "object_addr": "var.environment",
          "status": "pass"
        }
      ]
    },
    {
      "object_kind": "var",
      "config_addr": "var.key_vault_sku",
      "status": "pass",
      "objects": [
        {
          "object_addr": "var.key_vault_sku",
          "status": "pass"
        }
      ]
    },
    {
      "object_kind": "var",
      "config_addr": "var.location",
      "status": "pass",
      "objects": [
        {
          "object_addr": "var.location",
          "status": "pass"
        }
      ]
    }
  ]
}
